
Microsoft Visual Studio Solution File, Format Version 12.00
Project("{FAE04EC0-301F-11D3-BF4B-00C04F79EFBC}") = "Cap2.5", "Cap2.5.csproj", "{6A7F25B5-2CCB-4E45-A634-813F64F4AB14}"
EndProject
Global
	GlobalSection(SolutionConfigurationPlatforms) = preSolution
		Debug|Any CPU = Debug|Any CPU
		Release|Any CPU = Release|Any CPU
	EndGlobalSection
	GlobalSection(ProjectConfigurationPlatforms) = postSolution
		{6A7F25B5-2CCB-4E45-A634-813F64F4AB14}.Debug|Any CPU.ActiveCfg = Debug|Any CPU
		{6A7F25B5-2CCB-4E45-A634-813F64F4AB14}.Debug|Any CPU.Build.0 = Debug|Any CPU
		{6A7F25B5-2CCB-4E45-A634-813F64F4AB14}.Release|Any CPU.ActiveCfg = Release|Any CPU
		{6A7F25B5-2CCB-4E45-A634-813F64F4AB14}.Release|Any CPU.Build.0 = Release|Any CPU
	EndGlobalSection
EndGlobal
