
Microsoft Visual Studio Solution File, Format Version 12.00
Project("{FAE04EC0-301F-11D3-BF4B-00C04F79EFBC}") = "Cap1.1", "Cap1.1.csproj", "{09356FE2-6FB6-462F-A5F4-E33EDB2570EF}"
EndProject
Global
	GlobalSection(SolutionConfigurationPlatforms) = preSolution
		Debug|Any CPU = Debug|Any CPU
		Release|Any CPU = Release|Any CPU
	EndGlobalSection
	GlobalSection(ProjectConfigurationPlatforms) = postSolution
		{09356FE2-6FB6-462F-A5F4-E33EDB2570EF}.Debug|Any CPU.ActiveCfg = Debug|Any CPU
		{09356FE2-6FB6-462F-A5F4-E33EDB2570EF}.Debug|Any CPU.Build.0 = Debug|Any CPU
		{09356FE2-6FB6-462F-A5F4-E33EDB2570EF}.Release|Any CPU.ActiveCfg = Release|Any CPU
		{09356FE2-6FB6-462F-A5F4-E33EDB2570EF}.Release|Any CPU.Build.0 = Release|Any CPU
	EndGlobalSection
EndGlobal
