
Microsoft Visual Studio Solution File, Format Version 12.00
Project("{FAE04EC0-301F-11D3-BF4B-00C04F79EFBC}") = "Cap1.9", "Cap1.9.csproj", "{79CEEA51-1D7F-422A-9BF0-142ACEE5087E}"
EndProject
Global
	GlobalSection(SolutionConfigurationPlatforms) = preSolution
		Debug|Any CPU = Debug|Any CPU
		Release|Any CPU = Release|Any CPU
	EndGlobalSection
	GlobalSection(ProjectConfigurationPlatforms) = postSolution
		{79CEEA51-1D7F-422A-9BF0-142ACEE5087E}.Debug|Any CPU.ActiveCfg = Debug|Any CPU
		{79CEEA51-1D7F-422A-9BF0-142ACEE5087E}.Debug|Any CPU.Build.0 = Debug|Any CPU
		{79CEEA51-1D7F-422A-9BF0-142ACEE5087E}.Release|Any CPU.ActiveCfg = Release|Any CPU
		{79CEEA51-1D7F-422A-9BF0-142ACEE5087E}.Release|Any CPU.Build.0 = Release|Any CPU
	EndGlobalSection
EndGlobal
