
Microsoft Visual Studio Solution File, Format Version 12.00
Project("{FAE04EC0-301F-11D3-BF4B-00C04F79EFBC}") = "Cap1.8", "Cap1.8.csproj", "{00701756-4BC5-4A65-A688-D0E3E5A57D61}"
EndProject
Global
	GlobalSection(SolutionConfigurationPlatforms) = preSolution
		Debug|Any CPU = Debug|Any CPU
		Release|Any CPU = Release|Any CPU
	EndGlobalSection
	GlobalSection(ProjectConfigurationPlatforms) = postSolution
		{00701756-4BC5-4A65-A688-D0E3E5A57D61}.Debug|Any CPU.ActiveCfg = Debug|Any CPU
		{00701756-4BC5-4A65-A688-D0E3E5A57D61}.Debug|Any CPU.Build.0 = Debug|Any CPU
		{00701756-4BC5-4A65-A688-D0E3E5A57D61}.Release|Any CPU.ActiveCfg = Release|Any CPU
		{00701756-4BC5-4A65-A688-D0E3E5A57D61}.Release|Any CPU.Build.0 = Release|Any CPU
	EndGlobalSection
EndGlobal
