
Microsoft Visual Studio Solution File, Format Version 12.00
Project("{FAE04EC0-301F-11D3-BF4B-00C04F79EFBC}") = "Cap02.2", "Cap02.2.csproj", "{BCB81F83-48EF-4677-B2E9-BDF63E7EBE12}"
EndProject
Global
	GlobalSection(SolutionConfigurationPlatforms) = preSolution
		Debug|Any CPU = Debug|Any CPU
		Release|Any CPU = Release|Any CPU
	EndGlobalSection
	GlobalSection(ProjectConfigurationPlatforms) = postSolution
		{BCB81F83-48EF-4677-B2E9-BDF63E7EBE12}.Debug|Any CPU.ActiveCfg = Debug|Any CPU
		{BCB81F83-48EF-4677-B2E9-BDF63E7EBE12}.Debug|Any CPU.Build.0 = Debug|Any CPU
		{BCB81F83-48EF-4677-B2E9-BDF63E7EBE12}.Release|Any CPU.ActiveCfg = Release|Any CPU
		{BCB81F83-48EF-4677-B2E9-BDF63E7EBE12}.Release|Any CPU.Build.0 = Release|Any CPU
	EndGlobalSection
EndGlobal
