
Microsoft Visual Studio Solution File, Format Version 12.00
Project("{FAE04EC0-301F-11D3-BF4B-00C04F79EFBC}") = "Cap1.5", "Cap1.5.csproj", "{3E8260AF-FB1F-4EB0-936B-71A05DC4A2FB}"
EndProject
Global
	GlobalSection(SolutionConfigurationPlatforms) = preSolution
		Debug|Any CPU = Debug|Any CPU
		Release|Any CPU = Release|Any CPU
	EndGlobalSection
	GlobalSection(ProjectConfigurationPlatforms) = postSolution
		{3E8260AF-FB1F-4EB0-936B-71A05DC4A2FB}.Debug|Any CPU.ActiveCfg = Debug|Any CPU
		{3E8260AF-FB1F-4EB0-936B-71A05DC4A2FB}.Debug|Any CPU.Build.0 = Debug|Any CPU
		{3E8260AF-FB1F-4EB0-936B-71A05DC4A2FB}.Release|Any CPU.ActiveCfg = Release|Any CPU
		{3E8260AF-FB1F-4EB0-936B-71A05DC4A2FB}.Release|Any CPU.Build.0 = Release|Any CPU
	EndGlobalSection
EndGlobal
