
Microsoft Visual Studio Solution File, Format Version 12.00
Project("{FAE04EC0-301F-11D3-BF4B-00C04F79EFBC}") = "Cap1.3", "Cap1.3.csproj", "{EB75A48C-CE62-4CF0-9673-BE3E5BC7DB84}"
EndProject
Global
	GlobalSection(SolutionConfigurationPlatforms) = preSolution
		Debug|Any CPU = Debug|Any CPU
		Release|Any CPU = Release|Any CPU
	EndGlobalSection
	GlobalSection(ProjectConfigurationPlatforms) = postSolution
		{EB75A48C-CE62-4CF0-9673-BE3E5BC7DB84}.Debug|Any CPU.ActiveCfg = Debug|Any CPU
		{EB75A48C-CE62-4CF0-9673-BE3E5BC7DB84}.Debug|Any CPU.Build.0 = Debug|Any CPU
		{EB75A48C-CE62-4CF0-9673-BE3E5BC7DB84}.Release|Any CPU.ActiveCfg = Release|Any CPU
		{EB75A48C-CE62-4CF0-9673-BE3E5BC7DB84}.Release|Any CPU.Build.0 = Release|Any CPU
	EndGlobalSection
EndGlobal
