
Microsoft Visual Studio Solution File, Format Version 12.00
Project("{FAE04EC0-301F-11D3-BF4B-00C04F79EFBC}") = "Cap2.3", "Cap2.3.csproj", "{3BD0D1FD-9035-4222-AD38-6DFA8202DBDD}"
EndProject
Global
	GlobalSection(SolutionConfigurationPlatforms) = preSolution
		Debug|Any CPU = Debug|Any CPU
		Release|Any CPU = Release|Any CPU
	EndGlobalSection
	GlobalSection(ProjectConfigurationPlatforms) = postSolution
		{3BD0D1FD-9035-4222-AD38-6DFA8202DBDD}.Debug|Any CPU.ActiveCfg = Debug|Any CPU
		{3BD0D1FD-9035-4222-AD38-6DFA8202DBDD}.Debug|Any CPU.Build.0 = Debug|Any CPU
		{3BD0D1FD-9035-4222-AD38-6DFA8202DBDD}.Release|Any CPU.ActiveCfg = Release|Any CPU
		{3BD0D1FD-9035-4222-AD38-6DFA8202DBDD}.Release|Any CPU.Build.0 = Release|Any CPU
	EndGlobalSection
EndGlobal
