
Microsoft Visual Studio Solution File, Format Version 12.00
Project("{FAE04EC0-301F-11D3-BF4B-00C04F79EFBC}") = "Cap3.5", "Cap3.5.csproj", "{BCA64DEB-67F4-4EFB-8BDD-64325EE5828C}"
EndProject
Global
	GlobalSection(SolutionConfigurationPlatforms) = preSolution
		Debug|Any CPU = Debug|Any CPU
		Release|Any CPU = Release|Any CPU
	EndGlobalSection
	GlobalSection(ProjectConfigurationPlatforms) = postSolution
		{BCA64DEB-67F4-4EFB-8BDD-64325EE5828C}.Debug|Any CPU.ActiveCfg = Debug|Any CPU
		{BCA64DEB-67F4-4EFB-8BDD-64325EE5828C}.Debug|Any CPU.Build.0 = Debug|Any CPU
		{BCA64DEB-67F4-4EFB-8BDD-64325EE5828C}.Release|Any CPU.ActiveCfg = Release|Any CPU
		{BCA64DEB-67F4-4EFB-8BDD-64325EE5828C}.Release|Any CPU.Build.0 = Release|Any CPU
	EndGlobalSection
EndGlobal
