
Microsoft Visual Studio Solution File, Format Version 12.00
Project("{FAE04EC0-301F-11D3-BF4B-00C04F79EFBC}") = "Cap2.4", "Cap2.4.csproj", "{958F47F0-8983-4DE4-8A5A-03399E021CDF}"
EndProject
Global
	GlobalSection(SolutionConfigurationPlatforms) = preSolution
		Debug|Any CPU = Debug|Any CPU
		Release|Any CPU = Release|Any CPU
	EndGlobalSection
	GlobalSection(ProjectConfigurationPlatforms) = postSolution
		{958F47F0-8983-4DE4-8A5A-03399E021CDF}.Debug|Any CPU.ActiveCfg = Debug|Any CPU
		{958F47F0-8983-4DE4-8A5A-03399E021CDF}.Debug|Any CPU.Build.0 = Debug|Any CPU
		{958F47F0-8983-4DE4-8A5A-03399E021CDF}.Release|Any CPU.ActiveCfg = Release|Any CPU
		{958F47F0-8983-4DE4-8A5A-03399E021CDF}.Release|Any CPU.Build.0 = Release|Any CPU
	EndGlobalSection
EndGlobal
