
Microsoft Visual Studio Solution File, Format Version 12.00
Project("{FAE04EC0-301F-11D3-BF4B-00C04F79EFBC}") = "Cap1.10", "Cap1.10.csproj", "{05951BB3-C29E-4C9E-B6C9-AFFA1927FCC6}"
EndProject
Global
	GlobalSection(SolutionConfigurationPlatforms) = preSolution
		Debug|Any CPU = Debug|Any CPU
		Release|Any CPU = Release|Any CPU
	EndGlobalSection
	GlobalSection(ProjectConfigurationPlatforms) = postSolution
		{05951BB3-C29E-4C9E-B6C9-AFFA1927FCC6}.Debug|Any CPU.ActiveCfg = Debug|Any CPU
		{05951BB3-C29E-4C9E-B6C9-AFFA1927FCC6}.Debug|Any CPU.Build.0 = Debug|Any CPU
		{05951BB3-C29E-4C9E-B6C9-AFFA1927FCC6}.Release|Any CPU.ActiveCfg = Release|Any CPU
		{05951BB3-C29E-4C9E-B6C9-AFFA1927FCC6}.Release|Any CPU.Build.0 = Release|Any CPU
	EndGlobalSection
EndGlobal
