
Microsoft Visual Studio Solution File, Format Version 12.00
Project("{FAE04EC0-301F-11D3-BF4B-00C04F79EFBC}") = "Cap2.1", "Cap2.1.csproj", "{6FB9BA3C-5105-477D-84F4-5AFA0154ABBC}"
EndProject
Global
	GlobalSection(SolutionConfigurationPlatforms) = preSolution
		Debug|Any CPU = Debug|Any CPU
		Release|Any CPU = Release|Any CPU
	EndGlobalSection
	GlobalSection(ProjectConfigurationPlatforms) = postSolution
		{6FB9BA3C-5105-477D-84F4-5AFA0154ABBC}.Debug|Any CPU.ActiveCfg = Debug|Any CPU
		{6FB9BA3C-5105-477D-84F4-5AFA0154ABBC}.Debug|Any CPU.Build.0 = Debug|Any CPU
		{6FB9BA3C-5105-477D-84F4-5AFA0154ABBC}.Release|Any CPU.ActiveCfg = Release|Any CPU
		{6FB9BA3C-5105-477D-84F4-5AFA0154ABBC}.Release|Any CPU.Build.0 = Release|Any CPU
	EndGlobalSection
EndGlobal
