
Microsoft Visual Studio Solution File, Format Version 12.00
Project("{FAE04EC0-301F-11D3-BF4B-00C04F79EFBC}") = "Cap3.6", "Cap3.6.csproj", "{D213DFC5-A49D-43AF-9965-021B11520C48}"
EndProject
Global
	GlobalSection(SolutionConfigurationPlatforms) = preSolution
		Debug|Any CPU = Debug|Any CPU
		Release|Any CPU = Release|Any CPU
	EndGlobalSection
	GlobalSection(ProjectConfigurationPlatforms) = postSolution
		{D213DFC5-A49D-43AF-9965-021B11520C48}.Debug|Any CPU.ActiveCfg = Debug|Any CPU
		{D213DFC5-A49D-43AF-9965-021B11520C48}.Debug|Any CPU.Build.0 = Debug|Any CPU
		{D213DFC5-A49D-43AF-9965-021B11520C48}.Release|Any CPU.ActiveCfg = Release|Any CPU
		{D213DFC5-A49D-43AF-9965-021B11520C48}.Release|Any CPU.Build.0 = Release|Any CPU
	EndGlobalSection
EndGlobal
