
Microsoft Visual Studio Solution File, Format Version 12.00
Project("{FAE04EC0-301F-11D3-BF4B-00C04F79EFBC}") = "Cap3.7", "Cap3.7.csproj", "{9C3A5855-F7AB-44B0-A077-5380BEE8AAB5}"
EndProject
Global
	GlobalSection(SolutionConfigurationPlatforms) = preSolution
		Debug|Any CPU = Debug|Any CPU
		Release|Any CPU = Release|Any CPU
	EndGlobalSection
	GlobalSection(ProjectConfigurationPlatforms) = postSolution
		{9C3A5855-F7AB-44B0-A077-5380BEE8AAB5}.Debug|Any CPU.ActiveCfg = Debug|Any CPU
		{9C3A5855-F7AB-44B0-A077-5380BEE8AAB5}.Debug|Any CPU.Build.0 = Debug|Any CPU
		{9C3A5855-F7AB-44B0-A077-5380BEE8AAB5}.Release|Any CPU.ActiveCfg = Release|Any CPU
		{9C3A5855-F7AB-44B0-A077-5380BEE8AAB5}.Release|Any CPU.Build.0 = Release|Any CPU
	EndGlobalSection
EndGlobal
